PODS:
  - AFNetworking (3.1.0):
    - AFNetworking/NSURLSession (= 3.1.0)
    - AFNetworking/Reachability (= 3.1.0)
    - AFNetworking/Security (= 3.1.0)
    - AFNetworking/Serialization (= 3.1.0)
    - AFNetworking/UIKit (= 3.1.0)
  - AFNetworking/NSURLSession (3.1.0):
    - AFNetworking/Reachability
    - AFNetworking/Security
    - AFNetworking/Serialization
  - AFNetworking/Reachability (3.1.0)
  - AFNetworking/Security (3.1.0)
  - AFNetworking/Serialization (3.1.0)
  - AFNetworking/UIKit (3.1.0):
    - AFNetworking/NSURLSession
  - Bolts/Tasks (1.7.0)
  - ChameleonFramework/Default (2.1.0)
  - ChameleonFramework/Swift (2.1.0):
    - ChameleonFramework/Default
  - DKCircleButton (1.1)
  - Parse (1.13.0):
    - Bolts/Tasks (~> 1.6)
  - pop (1.0.9)
  - SVProgressHUD (2.0.2)
  - SwiftyBeaver (0.4.2)

DEPENDENCIES:
  - AFNetworking
  - ChameleonFramework/Swift
  - DKCircleButton
  - Parse
  - pop (~> 1.0)
  - SVProgressHUD
  - SwiftyBeaver

SPEC CHECKSUMS:
  AFNetworking: 5e0e199f73d8626b11e79750991f5d173d1f8b67
  Bolts: a0058fa3b331c5a1e4402d534f2dae36dbff31e4
  ChameleonFramework: d21a3cc247abfe5e37609a283a8238b03575cf64
  DKCircleButton: 62564c9debae08ad77dabb8d9658dfeb5520f2c4
  Parse: f51c24d2feb412e4b2d6cc73d37cb24e8d0089bc
  pop: f667631a5108a2e60d9e8797c9b32ddaf2080bce
  SVProgressHUD: e4020e23badbd7cc61bc4a80d3c1da57f166a978
  SwiftyBeaver: 3eced9aabe4f10b975453cc1baaa2d523a5eaeae

COCOAPODS: 0.39.0
